
Microsoft Visual Studio Solution File, Format Version 12.00
# Visual Studio Version 16
VisualStudioVersion = 16.0.31515.178
MinimumVisualStudioVersion = 10.0.40219.1
Project("{FAE04EC0-301F-11D3-BF4B-00C04F79EFBC}") = "MoodAnalyserMSTest", "MoodAnalyserMSTest\MoodAnalyserMSTest.csproj", "{92CE1FFC-F190-4617-9983-0CAE818D99CC}"
EndProject
Project("{FAE04EC0-301F-11D3-BF4B-00C04F79EFBC}") = "TestProject1", "TestProject1\TestProject1.csproj", "{3C1DFA17-A76A-4A57-BA46-EBE7A2E4B625}"
EndProject
Global
	GlobalSection(SolutionConfigurationPlatforms) = preSolution
		Debug|Any CPU = Debug|Any CPU
		Release|Any CPU = Release|Any CPU
	EndGlobalSection
	GlobalSection(ProjectConfigurationPlatforms) = postSolution
		{92CE1FFC-F190-4617-9983-0CAE818D99CC}.Debug|Any CPU.ActiveCfg = Debug|Any CPU
		{92CE1FFC-F190-4617-9983-0CAE818D99CC}.Debug|Any CPU.Build.0 = Debug|Any CPU
		{92CE1FFC-F190-4617-9983-0CAE818D99CC}.Release|Any CPU.ActiveCfg = Release|Any CPU
		{92CE1FFC-F190-4617-9983-0CAE818D99CC}.Release|Any CPU.Build.0 = Release|Any CPU
		{3C1DFA17-A76A-4A57-BA46-EBE7A2E4B625}.Debug|Any CPU.ActiveCfg = Debug|Any CPU
		{3C1DFA17-A76A-4A57-BA46-EBE7A2E4B625}.Debug|Any CPU.Build.0 = Debug|Any CPU
		{3C1DFA17-A76A-4A57-BA46-EBE7A2E4B625}.Release|Any CPU.ActiveCfg = Release|Any CPU
		{3C1DFA17-A76A-4A57-BA46-EBE7A2E4B625}.Release|Any CPU.Build.0 = Release|Any CPU
	EndGlobalSection
	GlobalSection(SolutionProperties) = preSolution
		HideSolutionNode = FALSE
	EndGlobalSection
	GlobalSection(ExtensibilityGlobals) = postSolution
		SolutionGuid = {88F8B73B-CCA1-462E-A631-4581B1EF49A6}
	EndGlobalSection
EndGlobal
